
Microsoft Visual Studio Solution File, Format Version 12.00
# Visual Studio Version 17
VisualStudioVersion = 17.8.34511.84
MinimumVisualStudioVersion = 10.0.40219.1
Project("{FAE04EC0-301F-11D3-BF4B-00C04F79EFBC}") = "ClientCRUD", "ClientCRUD.csproj", "{258EAFB8-5ABE-4C64-98BF-A8137415DAFB}"
EndProject
Global
	GlobalSection(SolutionConfigurationPlatforms) = preSolution
		Debug|Any CPU = Debug|Any CPU
		Release|Any CPU = Release|Any CPU
	EndGlobalSection
	GlobalSection(ProjectConfigurationPlatforms) = postSolution
		{258EAFB8-5ABE-4C64-98BF-A8137415DAFB}.Debug|Any CPU.ActiveCfg = Debug|Any CPU
		{258EAFB8-5ABE-4C64-98BF-A8137415DAFB}.Debug|Any CPU.Build.0 = Debug|Any CPU
		{258EAFB8-5ABE-4C64-98BF-A8137415DAFB}.Release|Any CPU.ActiveCfg = Release|Any CPU
		{258EAFB8-5ABE-4C64-98BF-A8137415DAFB}.Release|Any CPU.Build.0 = Release|Any CPU
	EndGlobalSection
	GlobalSection(SolutionProperties) = preSolution
		HideSolutionNode = FALSE
	EndGlobalSection
	GlobalSection(ExtensibilityGlobals) = postSolution
		SolutionGuid = {50425704-DE08-4ECA-9B4D-68A216C21B9F}
	EndGlobalSection
EndGlobal
